
Microsoft Visual Studio Solution File, Format Version 12.00
# Visual Studio Version 17
VisualStudioVersion = 17.1.32210.238
MinimumVisualStudioVersion = 10.0.40219.1
Project("{2150E333-8FDC-42A3-9474-1A3956D46DE8}") = "Solution Items", "Solution Items", "{583FC4D3-74C7-490E-A698-3FAF36462CE6}"
	ProjectSection(SolutionItems) = preProject
		test.txt = test.txt
	EndProjectSection
EndProject
Project("{8BC9CEB8-8B4A-11D0-8D11-00A0C91BC942}") = "Snake", "Snake\Snake.vcxproj", "{050BA1F7-93E2-48D6-AD59-09EC8EF82049}"
EndProject
Project("{8BC9CEB8-8B4A-11D0-8D11-00A0C91BC942}") = "0222Homework", "0222Homework\0222Homework.vcxproj", "{263AB012-1191-4FC3-A254-08557B9F21E9}"
EndProject
Project("{8BC9CEB8-8B4A-11D0-8D11-00A0C91BC942}") = "0224Homework", "GameMap\GameMap.vcxproj", "{D5B400B3-6778-4823-90F7-1D70548DA188}"
EndProject
Project("{2150E333-8FDC-42A3-9474-1A3956D46DE8}") = "CopyCoding", "CopyCoding", "{70E9B015-7292-435D-9625-3D856BED4324}"
EndProject
Project("{8BC9CEB8-8B4A-11D0-8D11-00A0C91BC942}") = "00START", "00START\00START.vcxproj", "{DBEFFA36-FAB4-4713-AAFF-2B98F5A80B65}"
EndProject
Project("{8BC9CEB8-8B4A-11D0-8D11-00A0C91BC942}") = "01Compile", "01Compile\01Compile.vcxproj", "{58AC5E1C-461E-497A-A7FC-4A75960826A2}"
EndProject
Project("{8BC9CEB8-8B4A-11D0-8D11-00A0C91BC942}") = "02Debug", "02Debug\02Debug.vcxproj", "{35065216-8505-4ED5-9956-E3A0E0F3B4AD}"
EndProject
Project("{8BC9CEB8-8B4A-11D0-8D11-00A0C91BC942}") = "03MemoryAndThread", "03MemoryAndThread\03MemoryAndThread.vcxproj", "{20D63311-C9DC-4998-AAA3-81F04368E3C1}"
EndProject
Global
	GlobalSection(SolutionConfigurationPlatforms) = preSolution
		Debug|x64 = Debug|x64
		Debug|x86 = Debug|x86
		Release|x64 = Release|x64
		Release|x86 = Release|x86
	EndGlobalSection
	GlobalSection(ProjectConfigurationPlatforms) = postSolution
		{050BA1F7-93E2-48D6-AD59-09EC8EF82049}.Debug|x64.ActiveCfg = Debug|x64
		{050BA1F7-93E2-48D6-AD59-09EC8EF82049}.Debug|x64.Build.0 = Debug|x64
		{050BA1F7-93E2-48D6-AD59-09EC8EF82049}.Debug|x86.ActiveCfg = Debug|Win32
		{050BA1F7-93E2-48D6-AD59-09EC8EF82049}.Debug|x86.Build.0 = Debug|Win32
		{050BA1F7-93E2-48D6-AD59-09EC8EF82049}.Release|x64.ActiveCfg = Release|x64
		{050BA1F7-93E2-48D6-AD59-09EC8EF82049}.Release|x64.Build.0 = Release|x64
		{050BA1F7-93E2-48D6-AD59-09EC8EF82049}.Release|x86.ActiveCfg = Release|Win32
		{050BA1F7-93E2-48D6-AD59-09EC8EF82049}.Release|x86.Build.0 = Release|Win32
		{263AB012-1191-4FC3-A254-08557B9F21E9}.Debug|x64.ActiveCfg = Debug|x64
		{263AB012-1191-4FC3-A254-08557B9F21E9}.Debug|x64.Build.0 = Debug|x64
		{263AB012-1191-4FC3-A254-08557B9F21E9}.Debug|x86.ActiveCfg = Debug|Win32
		{263AB012-1191-4FC3-A254-08557B9F21E9}.Debug|x86.Build.0 = Debug|Win32
		{263AB012-1191-4FC3-A254-08557B9F21E9}.Release|x64.ActiveCfg = Release|x64
		{263AB012-1191-4FC3-A254-08557B9F21E9}.Release|x64.Build.0 = Release|x64
		{263AB012-1191-4FC3-A254-08557B9F21E9}.Release|x86.ActiveCfg = Release|Win32
		{263AB012-1191-4FC3-A254-08557B9F21E9}.Release|x86.Build.0 = Release|Win32
		{D5B400B3-6778-4823-90F7-1D70548DA188}.Debug|x64.ActiveCfg = Debug|x64
		{D5B400B3-6778-4823-90F7-1D70548DA188}.Debug|x64.Build.0 = Debug|x64
		{D5B400B3-6778-4823-90F7-1D70548DA188}.Debug|x86.ActiveCfg = Debug|Win32
		{D5B400B3-6778-4823-90F7-1D70548DA188}.Debug|x86.Build.0 = Debug|Win32
		{D5B400B3-6778-4823-90F7-1D70548DA188}.Release|x64.ActiveCfg = Release|x64
		{D5B400B3-6778-4823-90F7-1D70548DA188}.Release|x64.Build.0 = Release|x64
		{D5B400B3-6778-4823-90F7-1D70548DA188}.Release|x86.ActiveCfg = Release|Win32
		{D5B400B3-6778-4823-90F7-1D70548DA188}.Release|x86.Build.0 = Release|Win32
		{DBEFFA36-FAB4-4713-AAFF-2B98F5A80B65}.Debug|x64.ActiveCfg = Debug|x64
		{DBEFFA36-FAB4-4713-AAFF-2B98F5A80B65}.Debug|x64.Build.0 = Debug|x64
		{DBEFFA36-FAB4-4713-AAFF-2B98F5A80B65}.Debug|x86.ActiveCfg = Debug|Win32
		{DBEFFA36-FAB4-4713-AAFF-2B98F5A80B65}.Debug|x86.Build.0 = Debug|Win32
		{DBEFFA36-FAB4-4713-AAFF-2B98F5A80B65}.Release|x64.ActiveCfg = Release|x64
		{DBEFFA36-FAB4-4713-AAFF-2B98F5A80B65}.Release|x64.Build.0 = Release|x64
		{DBEFFA36-FAB4-4713-AAFF-2B98F5A80B65}.Release|x86.ActiveCfg = Release|Win32
		{DBEFFA36-FAB4-4713-AAFF-2B98F5A80B65}.Release|x86.Build.0 = Release|Win32
		{58AC5E1C-461E-497A-A7FC-4A75960826A2}.Debug|x64.ActiveCfg = Debug|x64
		{58AC5E1C-461E-497A-A7FC-4A75960826A2}.Debug|x64.Build.0 = Debug|x64
		{58AC5E1C-461E-497A-A7FC-4A75960826A2}.Debug|x86.ActiveCfg = Debug|Win32
		{58AC5E1C-461E-497A-A7FC-4A75960826A2}.Debug|x86.Build.0 = Debug|Win32
		{58AC5E1C-461E-497A-A7FC-4A75960826A2}.Release|x64.ActiveCfg = Release|x64
		{58AC5E1C-461E-497A-A7FC-4A75960826A2}.Release|x64.Build.0 = Release|x64
		{58AC5E1C-461E-497A-A7FC-4A75960826A2}.Release|x86.ActiveCfg = Release|Win32
		{58AC5E1C-461E-497A-A7FC-4A75960826A2}.Release|x86.Build.0 = Release|Win32
		{35065216-8505-4ED5-9956-E3A0E0F3B4AD}.Debug|x64.ActiveCfg = Debug|x64
		{35065216-8505-4ED5-9956-E3A0E0F3B4AD}.Debug|x64.Build.0 = Debug|x64
		{35065216-8505-4ED5-9956-E3A0E0F3B4AD}.Debug|x86.ActiveCfg = Debug|Win32
		{35065216-8505-4ED5-9956-E3A0E0F3B4AD}.Debug|x86.Build.0 = Debug|Win32
		{35065216-8505-4ED5-9956-E3A0E0F3B4AD}.Release|x64.ActiveCfg = Release|x64
		{35065216-8505-4ED5-9956-E3A0E0F3B4AD}.Release|x64.Build.0 = Release|x64
		{35065216-8505-4ED5-9956-E3A0E0F3B4AD}.Release|x86.ActiveCfg = Release|Win32
		{35065216-8505-4ED5-9956-E3A0E0F3B4AD}.Release|x86.Build.0 = Release|Win32
		{20D63311-C9DC-4998-AAA3-81F04368E3C1}.Debug|x64.ActiveCfg = Debug|x64
		{20D63311-C9DC-4998-AAA3-81F04368E3C1}.Debug|x64.Build.0 = Debug|x64
		{20D63311-C9DC-4998-AAA3-81F04368E3C1}.Debug|x86.ActiveCfg = Debug|Win32
		{20D63311-C9DC-4998-AAA3-81F04368E3C1}.Debug|x86.Build.0 = Debug|Win32
		{20D63311-C9DC-4998-AAA3-81F04368E3C1}.Release|x64.ActiveCfg = Release|x64
		{20D63311-C9DC-4998-AAA3-81F04368E3C1}.Release|x64.Build.0 = Release|x64
		{20D63311-C9DC-4998-AAA3-81F04368E3C1}.Release|x86.ActiveCfg = Release|Win32
		{20D63311-C9DC-4998-AAA3-81F04368E3C1}.Release|x86.Build.0 = Release|Win32
	EndGlobalSection
	GlobalSection(SolutionProperties) = preSolution
		HideSolutionNode = FALSE
	EndGlobalSection
	GlobalSection(NestedProjects) = preSolution
		{DBEFFA36-FAB4-4713-AAFF-2B98F5A80B65} = {70E9B015-7292-435D-9625-3D856BED4324}
		{58AC5E1C-461E-497A-A7FC-4A75960826A2} = {70E9B015-7292-435D-9625-3D856BED4324}
		{35065216-8505-4ED5-9956-E3A0E0F3B4AD} = {70E9B015-7292-435D-9625-3D856BED4324}
		{20D63311-C9DC-4998-AAA3-81F04368E3C1} = {70E9B015-7292-435D-9625-3D856BED4324}
	EndGlobalSection
	GlobalSection(ExtensibilityGlobals) = postSolution
		SolutionGuid = {D124C795-CB9E-44CA-9712-6C24D9CA9BC8}
	EndGlobalSection
EndGlobal
